
Microsoft Visual Studio Solution File, Format Version 12.00
# Visual Studio Version 16
VisualStudioVersion = 16.0.30011.22
MinimumVisualStudioVersion = 10.0.40219.1
Project("{FAE04EC0-301F-11D3-BF4B-00C04F79EFBC}") = "SeparateDatabaseTable", "SeparateDatabaseTable.csproj", "{B80119B3-2DC0-4955-A5B1-812EA1CF22A1}"
EndProject
Project("{FAE04EC0-301F-11D3-BF4B-00C04F79EFBC}") = "DbHelper", "..\DbHelper\DbHelper.csproj", "{741899CD-6754-4712-AEA8-FCEC0BCC5AEA}"
EndProject
Project("{FAE04EC0-301F-11D3-BF4B-00C04F79EFBC}") = "DBHelperTest", "..\DBHelperTest\DBHelperTest.csproj", "{9C4E807D-EF6A-496A-BDF5-5C6F9D719251}"
EndProject
Global
	GlobalSection(SolutionConfigurationPlatforms) = preSolution
		Debug|Any CPU = Debug|Any CPU
		Release|Any CPU = Release|Any CPU
	EndGlobalSection
	GlobalSection(ProjectConfigurationPlatforms) = postSolution
		{B80119B3-2DC0-4955-A5B1-812EA1CF22A1}.Debug|Any CPU.ActiveCfg = Debug|Any CPU
		{B80119B3-2DC0-4955-A5B1-812EA1CF22A1}.Debug|Any CPU.Build.0 = Debug|Any CPU
		{B80119B3-2DC0-4955-A5B1-812EA1CF22A1}.Release|Any CPU.ActiveCfg = Release|Any CPU
		{B80119B3-2DC0-4955-A5B1-812EA1CF22A1}.Release|Any CPU.Build.0 = Release|Any CPU
		{741899CD-6754-4712-AEA8-FCEC0BCC5AEA}.Debug|Any CPU.ActiveCfg = Debug|Any CPU
		{741899CD-6754-4712-AEA8-FCEC0BCC5AEA}.Debug|Any CPU.Build.0 = Debug|Any CPU
		{741899CD-6754-4712-AEA8-FCEC0BCC5AEA}.Release|Any CPU.ActiveCfg = Release|Any CPU
		{741899CD-6754-4712-AEA8-FCEC0BCC5AEA}.Release|Any CPU.Build.0 = Release|Any CPU
		{9C4E807D-EF6A-496A-BDF5-5C6F9D719251}.Debug|Any CPU.ActiveCfg = Debug|Any CPU
		{9C4E807D-EF6A-496A-BDF5-5C6F9D719251}.Debug|Any CPU.Build.0 = Debug|Any CPU
		{9C4E807D-EF6A-496A-BDF5-5C6F9D719251}.Release|Any CPU.ActiveCfg = Release|Any CPU
		{9C4E807D-EF6A-496A-BDF5-5C6F9D719251}.Release|Any CPU.Build.0 = Release|Any CPU
	EndGlobalSection
	GlobalSection(SolutionProperties) = preSolution
		HideSolutionNode = FALSE
	EndGlobalSection
	GlobalSection(ExtensibilityGlobals) = postSolution
		SolutionGuid = {FFA8F4F1-63F3-4B4C-B2B1-3AAEC7606708}
	EndGlobalSection
EndGlobal
